
Microsoft Visual Studio Solution File, Format Version 12.00
# Visual Studio Version 16
VisualStudioVersion = 16.0.29728.190
MinimumVisualStudioVersion = 10.0.40219.1
Project("{FAE04EC0-301F-11D3-BF4B-00C04F79EFBC}") = "Newsclip Assessment", "Newsclip Assessment.csproj", "{D20C4716-0E9F-40F8-A71E-3609B6B9A7B0}"
EndProject
Project("{2150E333-8FDC-42A3-9474-1A3956D46DE8}") = "Solution Items", "Solution Items", "{1640769F-2168-4EE3-90AE-B7A1FE1F6F3F}"
EndProject
Project("{00D1A9C2-B5F0-4AF3-8072-F6C62B433612}") = "Test VW Database", "..\Test VW Database\Test VW Database.sqlproj", "{6A9F4EBC-0F84-43CF-9914-FC88DBE863C5}"
EndProject
Project("{FAE04EC0-301F-11D3-BF4B-00C04F79EFBC}") = "SQL Manager", "..\SQL Manager\SQL Manager.csproj", "{D51B26AF-843D-42A1-9ADB-038D4D92F91B}"
EndProject
Global
	GlobalSection(SolutionConfigurationPlatforms) = preSolution
		Debug|Any CPU = Debug|Any CPU
		Release|Any CPU = Release|Any CPU
	EndGlobalSection
	GlobalSection(ProjectConfigurationPlatforms) = postSolution
		{D20C4716-0E9F-40F8-A71E-3609B6B9A7B0}.Debug|Any CPU.ActiveCfg = Debug|Any CPU
		{D20C4716-0E9F-40F8-A71E-3609B6B9A7B0}.Debug|Any CPU.Build.0 = Debug|Any CPU
		{D20C4716-0E9F-40F8-A71E-3609B6B9A7B0}.Release|Any CPU.ActiveCfg = Release|Any CPU
		{D20C4716-0E9F-40F8-A71E-3609B6B9A7B0}.Release|Any CPU.Build.0 = Release|Any CPU
		{6A9F4EBC-0F84-43CF-9914-FC88DBE863C5}.Debug|Any CPU.ActiveCfg = Debug|Any CPU
		{6A9F4EBC-0F84-43CF-9914-FC88DBE863C5}.Debug|Any CPU.Build.0 = Debug|Any CPU
		{6A9F4EBC-0F84-43CF-9914-FC88DBE863C5}.Debug|Any CPU.Deploy.0 = Debug|Any CPU
		{6A9F4EBC-0F84-43CF-9914-FC88DBE863C5}.Release|Any CPU.ActiveCfg = Release|Any CPU
		{6A9F4EBC-0F84-43CF-9914-FC88DBE863C5}.Release|Any CPU.Build.0 = Release|Any CPU
		{6A9F4EBC-0F84-43CF-9914-FC88DBE863C5}.Release|Any CPU.Deploy.0 = Release|Any CPU
		{D51B26AF-843D-42A1-9ADB-038D4D92F91B}.Debug|Any CPU.ActiveCfg = Debug|Any CPU
		{D51B26AF-843D-42A1-9ADB-038D4D92F91B}.Debug|Any CPU.Build.0 = Debug|Any CPU
		{D51B26AF-843D-42A1-9ADB-038D4D92F91B}.Release|Any CPU.ActiveCfg = Release|Any CPU
		{D51B26AF-843D-42A1-9ADB-038D4D92F91B}.Release|Any CPU.Build.0 = Release|Any CPU
	EndGlobalSection
	GlobalSection(SolutionProperties) = preSolution
		HideSolutionNode = FALSE
	EndGlobalSection
	GlobalSection(ExtensibilityGlobals) = postSolution
		SolutionGuid = {FAAB325C-AF11-4805-AC4D-5B1FB39A9EC1}
	EndGlobalSection
EndGlobal
